
Microsoft Visual Studio Solution File, Format Version 12.00
# Visual Studio Version 17
VisualStudioVersion = 17.2.32516.85
MinimumVisualStudioVersion = 10.0.40219.1
Project("{FAE04EC0-301F-11D3-BF4B-00C04F79EFBC}") = "WhileLoop", "WhileLoop\WhileLoop.csproj", "{48EACDF4-959E-4288-B99F-CE60F50CB148}"
EndProject
Global
	GlobalSection(SolutionConfigurationPlatforms) = preSolution
		Debug|Any CPU = Debug|Any CPU
		Release|Any CPU = Release|Any CPU
	EndGlobalSection
	GlobalSection(ProjectConfigurationPlatforms) = postSolution
		{48EACDF4-959E-4288-B99F-CE60F50CB148}.Debug|Any CPU.ActiveCfg = Debug|Any CPU
		{48EACDF4-959E-4288-B99F-CE60F50CB148}.Debug|Any CPU.Build.0 = Debug|Any CPU
		{48EACDF4-959E-4288-B99F-CE60F50CB148}.Release|Any CPU.ActiveCfg = Release|Any CPU
		{48EACDF4-959E-4288-B99F-CE60F50CB148}.Release|Any CPU.Build.0 = Release|Any CPU
	EndGlobalSection
	GlobalSection(SolutionProperties) = preSolution
		HideSolutionNode = FALSE
	EndGlobalSection
	GlobalSection(ExtensibilityGlobals) = postSolution
		SolutionGuid = {6510F2DB-FF83-4796-9FA0-A46A4243368D}
	EndGlobalSection
EndGlobal
