
Microsoft Visual Studio Solution File, Format Version 12.00
# Visual Studio Version 17
VisualStudioVersion = 17.2.32516.85
MinimumVisualStudioVersion = 10.0.40219.1
Project("{FAE04EC0-301F-11D3-BF4B-00C04F79EFBC}") = "LocalOperatorsExample", "LocalOperatorsExample\LocalOperatorsExample.csproj", "{185491CD-C49F-4DA7-ABDD-7BC9ADE4D746}"
EndProject
Global
	GlobalSection(SolutionConfigurationPlatforms) = preSolution
		Debug|Any CPU = Debug|Any CPU
		Release|Any CPU = Release|Any CPU
	EndGlobalSection
	GlobalSection(ProjectConfigurationPlatforms) = postSolution
		{185491CD-C49F-4DA7-ABDD-7BC9ADE4D746}.Debug|Any CPU.ActiveCfg = Debug|Any CPU
		{185491CD-C49F-4DA7-ABDD-7BC9ADE4D746}.Debug|Any CPU.Build.0 = Debug|Any CPU
		{185491CD-C49F-4DA7-ABDD-7BC9ADE4D746}.Release|Any CPU.ActiveCfg = Release|Any CPU
		{185491CD-C49F-4DA7-ABDD-7BC9ADE4D746}.Release|Any CPU.Build.0 = Release|Any CPU
	EndGlobalSection
	GlobalSection(SolutionProperties) = preSolution
		HideSolutionNode = FALSE
	EndGlobalSection
	GlobalSection(ExtensibilityGlobals) = postSolution
		SolutionGuid = {C172ABD7-323B-45F5-B544-B46E9B153AEA}
	EndGlobalSection
EndGlobal
