
Microsoft Visual Studio Solution File, Format Version 12.00
# Visual Studio Version 17
VisualStudioVersion = 17.2.32516.85
MinimumVisualStudioVersion = 10.0.40219.1
Project("{FAE04EC0-301F-11D3-BF4B-00C04F79EFBC}") = "NumericCalculator", "NumericCalculator\NumericCalculator.csproj", "{AC9812D9-E258-4436-91F4-1441C8E70E4B}"
EndProject
Global
	GlobalSection(SolutionConfigurationPlatforms) = preSolution
		Debug|Any CPU = Debug|Any CPU
		Release|Any CPU = Release|Any CPU
	EndGlobalSection
	GlobalSection(ProjectConfigurationPlatforms) = postSolution
		{AC9812D9-E258-4436-91F4-1441C8E70E4B}.Debug|Any CPU.ActiveCfg = Debug|Any CPU
		{AC9812D9-E258-4436-91F4-1441C8E70E4B}.Debug|Any CPU.Build.0 = Debug|Any CPU
		{AC9812D9-E258-4436-91F4-1441C8E70E4B}.Release|Any CPU.ActiveCfg = Release|Any CPU
		{AC9812D9-E258-4436-91F4-1441C8E70E4B}.Release|Any CPU.Build.0 = Release|Any CPU
	EndGlobalSection
	GlobalSection(SolutionProperties) = preSolution
		HideSolutionNode = FALSE
	EndGlobalSection
	GlobalSection(ExtensibilityGlobals) = postSolution
		SolutionGuid = {AB839FE6-EB41-42C0-B086-40199B08A29A}
	EndGlobalSection
EndGlobal
