
Microsoft Visual Studio Solution File, Format Version 12.00
# Visual Studio Version 17
VisualStudioVersion = 17.2.32516.85
MinimumVisualStudioVersion = 10.0.40219.1
Project("{FAE04EC0-301F-11D3-BF4B-00C04F79EFBC}") = "MyMethods", "MyMethods\MyMethods.csproj", "{06E38094-4F13-48B4-A03B-DDBF7C4D387B}"
EndProject
Global
	GlobalSection(SolutionConfigurationPlatforms) = preSolution
		Debug|Any CPU = Debug|Any CPU
		Release|Any CPU = Release|Any CPU
	EndGlobalSection
	GlobalSection(ProjectConfigurationPlatforms) = postSolution
		{06E38094-4F13-48B4-A03B-DDBF7C4D387B}.Debug|Any CPU.ActiveCfg = Debug|Any CPU
		{06E38094-4F13-48B4-A03B-DDBF7C4D387B}.Debug|Any CPU.Build.0 = Debug|Any CPU
		{06E38094-4F13-48B4-A03B-DDBF7C4D387B}.Release|Any CPU.ActiveCfg = Release|Any CPU
		{06E38094-4F13-48B4-A03B-DDBF7C4D387B}.Release|Any CPU.Build.0 = Release|Any CPU
	EndGlobalSection
	GlobalSection(SolutionProperties) = preSolution
		HideSolutionNode = FALSE
	EndGlobalSection
	GlobalSection(ExtensibilityGlobals) = postSolution
		SolutionGuid = {54B78F9C-D6F2-423B-AAE7-3BD240C6C195}
	EndGlobalSection
EndGlobal
